{
  "nodes": {
    "flake-utils": {
      "inputs": {
        "systems": "systems"
      },
      "locked": {
        "lastModified": 1731533236,
        "narHash": "sha256-l0KFg5HjrsfsO/JpG+r7fRrqm12kzFHyUHqHCVpMMbI=",
        "owner": "numtide",
        "repo": "flake-utils",
        "rev": "11707dc2f618dd54ca8739b309ec4fc024de578b",
        "type": "github"
      },
      "original": {
        "owner": "numtide",
        "repo": "flake-utils",
        "type": "github"
      }
    },
    "nixpkgs": {
      "locked": {
        "lastModified": 1738142207,
        "narHash": "sha256-NGqpVVxNAHwIicXpgaVqJEJWeyqzoQJ9oc8lnK9+WC4=",
        "owner": "NixOS",
        "repo": "nixpkgs",
        "rev": "9d3ae807ebd2981d593cddd0080856873139aa40",
        "type": "github"
      },
      "original": {
        "owner": "NixOS",
        "ref": "nixos-unstable",
        "repo": "nixpkgs",
        "type": "github"
      }
    },
    "root": {
      "inputs": {
        "flake-utils": "flake-utils",
        "nixpkgs": "nixpkgs",
        "rust-overlay": "rust-overlay",
        "wally-nix": "wally-nix"
      }
    },
    "rust-overlay": {
      "inputs": {
        "nixpkgs": [
          "nixpkgs"
        ]
      },
      "locked": {
        "lastModified": 1738376888,
        "narHash": "sha256-S6ErHxkSm0iA7ZMsjjDaASWxbELYcdfv8BhOkkj1rHw=",
        "owner": "oxalica",
        "repo": "rust-overlay",
        "rev": "83284068670d5ae4a43641c4afb150f3446be70d",
        "type": "github"
      },
      "original": {
        "owner": "oxalica",
        "repo": "rust-overlay",
        "type": "github"
      }
    },
    "systems": {
      "locked": {
        "lastModified": 1681028828,
        "narHash": "sha256-Vy1rq5AaRuLzOxct8nz4T6wlgyUR7zLU309k9mBC768=",
        "owner": "nix-systems",
        "repo": "default",
        "rev": "da67096a3b9bf56a91d16901293e51ba5b49a27e",
        "type": "github"
      },
      "original": {
        "owner": "nix-systems",
        "repo": "default",
        "type": "github"
      }
    },
    "wally-nix": {
      "inputs": {
        "nixpkgs": [
          "nixpkgs"
        ],
        "wallySource": "wallySource"
      },
      "locked": {
        "lastModified": 1738423698,
        "narHash": "sha256-gNtPRQpFPwBJh8z/bnZLFCZCi8fNBC2TmvpoTG2aIZ8=",
        "owner": "techs-sus",
        "repo": "wally-nix",
        "rev": "b8cb17833d18753636769c049f68b4ca848f4ea9",
        "type": "github"
      },
      "original": {
        "owner": "techs-sus",
        "repo": "wally-nix",
        "type": "github"
      }
    },
    "wallySource": {
      "flake": false,
      "locked": {
        "lastModified": 1735854515,
        "narHash": "sha256-LuDACyD3gW16/Y+YMKjcnHGiTA1W8zJGOXobBebA0c4=",
        "owner": "UpliftGames",
        "repo": "wally",
        "rev": "2c928d9dcd0cee67bd5869d44970ad3e70e9fb58",
        "type": "github"
      },
      "original": {
        "owner": "UpliftGames",
        "repo": "wally",
        "type": "github"
      }
    }
  },
  "root": "root",
  "version": 7
}
