{
  "nodes": {
    "flake-utils": {
      "inputs": {
        "systems": "systems"
      },
      "locked": {
        "lastModified": 1731533236,
        "narHash": "sha256-l0KFg5HjrsfsO/JpG+r7fRrqm12kzFHyUHqHCVpMMbI=",
        "owner": "numtide",
        "repo": "flake-utils",
        "rev": "11707dc2f618dd54ca8739b309ec4fc024de578b",
        "type": "github"
      },
      "original": {
        "owner": "numtide",
        "repo": "flake-utils",
        "type": "github"
      }
    },
    "nixpkgs": {
      "locked": {
        "lastModified": 1738410390,
        "narHash": "sha256-xvTo0Aw0+veek7hvEVLzErmJyQkEcRk6PSR4zsRQFEc=",
        "owner": "NixOS",
        "repo": "nixpkgs",
        "rev": "3a228057f5b619feb3186e986dbe76278d707b6e",
        "type": "github"
      },
      "original": {
        "owner": "NixOS",
        "ref": "nixos-unstable",
        "repo": "nixpkgs",
        "type": "github"
      }
    },
    "root": {
      "inputs": {
        "flake-utils": "flake-utils",
        "nixpkgs": "nixpkgs",
        "rust-overlay": "rust-overlay",
        "wally-nix": "wally-nix"
      }
    },
    "rust-overlay": {
      "inputs": {
        "nixpkgs": [
          "nixpkgs"
        ]
      },
      "locked": {
        "lastModified": 1738463259,
        "narHash": "sha256-+5QJpiRpkh1ALvKcMEpPyGwkPZfaynsYF4SFdNW5UfQ=",
        "owner": "oxalica",
        "repo": "rust-overlay",
        "rev": "e2bb8c205a069514535f083742c7da8dfb6e02b9",
        "type": "github"
      },
      "original": {
        "owner": "oxalica",
        "repo": "rust-overlay",
        "type": "github"
      }
    },
    "systems": {
      "locked": {
        "lastModified": 1681028828,
        "narHash": "sha256-Vy1rq5AaRuLzOxct8nz4T6wlgyUR7zLU309k9mBC768=",
        "owner": "nix-systems",
        "repo": "default",
        "rev": "da67096a3b9bf56a91d16901293e51ba5b49a27e",
        "type": "github"
      },
      "original": {
        "owner": "nix-systems",
        "repo": "default",
        "type": "github"
      }
    },
    "wally-nix": {
      "inputs": {
        "nixpkgs": [
          "nixpkgs"
        ],
        "wallySource": "wallySource"
      },
      "locked": {
        "lastModified": 1738427593,
        "narHash": "sha256-oixdmV7RRtURrGHLBOmWsaKqjBUomb4OuzBZsXunIq4=",
        "owner": "techs-sus",
        "repo": "wally-nix",
        "rev": "0112125510d8706707cf586a27345733a6e42b1e",
        "type": "github"
      },
      "original": {
        "owner": "techs-sus",
        "repo": "wally-nix",
        "type": "github"
      }
    },
    "wallySource": {
      "flake": false,
      "locked": {
        "lastModified": 1735854515,
        "narHash": "sha256-LuDACyD3gW16/Y+YMKjcnHGiTA1W8zJGOXobBebA0c4=",
        "owner": "UpliftGames",
        "repo": "wally",
        "rev": "2c928d9dcd0cee67bd5869d44970ad3e70e9fb58",
        "type": "github"
      },
      "original": {
        "owner": "UpliftGames",
        "repo": "wally",
        "type": "github"
      }
    }
  },
  "root": "root",
  "version": 7
}
